// !$*UTF8*$!
{
	archiveVersion = 1;
	classes = {
	};
	objectVersion = 56;
	objects = {

/* Begin PBXBuildFile section */
		23A4354F2AC63EC600EFF9F8 /* AppDelegate.swift in Sources */ = {isa = PBXBuildFile; fileRef = 23A4354E2AC63EC600EFF9F8 /* AppDelegate.swift */; };
		23A435512AC63EC600EFF9F8 /* SceneDelegate.swift in Sources */ = {isa = PBXBuildFile; fileRef = 23A435502AC63EC600EFF9F8 /* SceneDelegate.swift */; };
		23A435532AC63EC600EFF9F8 /* ViewController.swift in Sources */ = {isa = PBXBuildFile; fileRef = 23A435522AC63EC600EFF9F8 /* ViewController.swift */; };
		23A435562AC63EC600EFF9F8 /* Main.storyboard in Resources */ = {isa = PBXBuildFile; fileRef = 23A435542AC63EC600EFF9F8 /* Main.storyboard */; };
		23A435582AC63EC700EFF9F8 /* Assets.xcassets in Resources */ = {isa = PBXBuildFile; fileRef = 23A435572AC63EC700EFF9F8 /* Assets.xcassets */; };
		23A4355B2AC63EC700EFF9F8 /* LaunchScreen.storyboard in Resources */ = {isa = PBXBuildFile; fileRef = 23A435592AC63EC700EFF9F8 /* LaunchScreen.storyboard */; };
		23A435662AC63EC700EFF9F8 /* HackwichFiveTests.swift in Sources */ = {isa = PBXBuildFile; fileRef = 23A435652AC63EC700EFF9F8 /* HackwichFiveTests.swift */; };
		23A435702AC63EC700EFF9F8 /* HackwichFiveUITests.swift in Sources */ = {isa = PBXBuildFile; fileRef = 23A4356F2AC63EC700EFF9F8 /* HackwichFiveUITests.swift */; };
		23A435722AC63EC700EFF9F8 /* HackwichFiveUITestsLaunchTests.swift in Sources */ = {isa = PBXBuildFile; fileRef = 23A435712AC63EC700EFF9F8 /* HackwichFiveUITestsLaunchTests.swift */; };
/* End PBXBuildFile section */

/* Begin PBXContainerItemProxy section */
		23A435622AC63EC700EFF9F8 /* PBXContainerItemProxy */ = {
			isa = PBXContainerItemProxy;
			containerPortal = 23A435432AC63EC600EFF9F8 /* Project object */;
			proxyType = 1;
			remoteGlobalIDString = 23A4354A2AC63EC600EFF9F8;
			remoteInfo = HackwichFive;
		};
		23A4356C2AC63EC700EFF9F8 /* PBXContainerItemProxy */ = {
			isa = PBXContainerItemProxy;
			containerPortal = 23A435432AC63EC600EFF9F8 /* Project object */;
			proxyType = 1;
			remoteGlobalIDString = 23A4354A2AC63EC600EFF9F8;
			remoteInfo = HackwichFive;
		};
/* End PBXContainerItemProxy section */

/* Begin PBXFileReference section */
		23A4354B2AC63EC600EFF9F8 /* HackwichFive.app */ = {isa = PBXFileReference; explicitFileType = wrapper.application; includeInIndex = 0; path = HackwichFive.app; sourceTree = BUILT_PRODUCTS_DIR; };
		23A4354E2AC63EC600EFF9F8 /* AppDelegate.swift */ = {isa = PBXFileReference; lastKnownFileType = sourcecode.swift; path = AppDelegate.swift; sourceTree = "<group>"; };
		23A435502AC63EC600EFF9F8 /* SceneDelegate.swift */ = {isa = PBXFileReference; lastKnownFileType = sourcecode.swift; path = SceneDelegate.swift; sourceTree = "<group>"; };
		23A435522AC63EC600EFF9F8 /* ViewController.swift */ = {isa = PBXFileReference; lastKnownFileType = sourcecode.swift; path = ViewController.swift; sourceTree = "<group>"; };
		23A435552AC63EC600EFF9F8 /* Base */ = {isa = PBXFileReference; lastKnownFileType = file.storyboard; name = Base; path = Base.lproj/Main.storyboard; sourceTree = "<group>"; };
		23A435572AC63EC700EFF9F8 /* Assets.xcassets */ = {isa = PBXFileReference; lastKnownFileType = folder.assetcatalog; path = Assets.xcassets; sourceTree = "<group>"; };
		23A4355A2AC63EC700EFF9F8 /* Base */ = {isa = PBXFileReference; lastKnownFileType = file.storyboard; name = Base; path = Base.lproj/LaunchScreen.storyboard; sourceTree = "<group>"; };
		23A4355C2AC63EC700EFF9F8 /* Info.plist */ = {isa = PBXFileReference; lastKnownFileType = text.plist.xml; path = Info.plist; sourceTree = "<group>"; };
		23A435612AC63EC700EFF9F8 /* HackwichFiveTests.xctest */ = {isa = PBXFileReference; explicitFileType = wrapper.cfbundle; includeInIndex = 0; path = HackwichFiveTests.xctest; sourceTree = BUILT_PRODUCTS_DIR; };
		23A435652AC63EC700EFF9F8 /* HackwichFiveTests.swift */ = {isa = PBXFileReference; lastKnownFileType = sourcecode.swift; path = HackwichFiveTests.swift; sourceTree = "<group>"; };
		23A4356B2AC63EC700EFF9F8 /* HackwichFiveUITests.xctest */ = {isa = PBXFileReference; explicitFileType = wrapper.cfbundle; includeInIndex = 0; path = HackwichFiveUITests.xctest; sourceTree = BUILT_PRODUCTS_DIR; };
		23A4356F2AC63EC700EFF9F8 /* HackwichFiveUITests.swift */ = {isa = PBXFileReference; lastKnownFileType = sourcecode.swift; path = HackwichFiveUITests.swift; sourceTree = "<group>"; };
		23A435712AC63EC700EFF9F8 /* HackwichFiveUITestsLaunchTests.swift */ = {isa = PBXFileReference; lastKnownFileType = sourcecode.swift; path = HackwichFiveUITestsLaunchTests.swift; sourceTree = "<group>"; };
/* End PBXFileReference section */

/* Begin PBXFrameworksBuildPhase section */
		23A435482AC63EC600EFF9F8 /* Frameworks */ = {
			isa = PBXFrameworksBuildPhase;
			buildActionMask = 2147483647;
			files = (
			);
			runOnlyForDeploymentPostprocessing = 0;
		};
		23A4355E2AC63EC700EFF9F8 /* Frameworks */ = {
			isa = PBXFrameworksBuildPhase;
			buildActionMask = 2147483647;
			files = (
			);
			runOnlyForDeploymentPostprocessing = 0;
		};
		23A435682AC63EC700EFF9F8 /* Frameworks */ = {
			isa = PBXFrameworksBuildPhase;
			buildActionMask = 2147483647;
			files = (
			);
			runOnlyForDeploymentPostprocessing = 0;
		};
/* End PBXFrameworksBuildPhase section */

/* Begin PBXGroup section */
		23A435422AC63EC600EFF9F8 = {
			isa = PBXGroup;
			children = (
				23A4354D2AC63EC600EFF9F8 /* HackwichFive */,
				23A435642AC63EC700EFF9F8 /* HackwichFiveTests */,
				23A4356E2AC63EC700EFF9F8 /* HackwichFiveUITests */,
				23A4354C2AC63EC600EFF9F8 /* Products */,
			);
			sourceTree = "<group>";
		};
		23A4354C2AC63EC600EFF9F8 /* Products */ = {
			isa = PBXGroup;
			children = (
				23A4354B2AC63EC600EFF9F8 /* HackwichFive.app */,
				23A435612AC63EC700EFF9F8 /* HackwichFiveTests.xctest */,
				23A4356B2AC63EC700EFF9F8 /* HackwichFiveUITests.xctest */,
			);
			name = Products;
			sourceTree = "<group>";
		};
		23A4354D2AC63EC600EFF9F8 /* HackwichFive */ = {
			isa = PBXGroup;
			children = (
				23A4354E2AC63EC600EFF9F8 /* AppDelegate.swift */,
				23A435502AC63EC600EFF9F8 /* SceneDelegate.swift */,
				23A435522AC63EC600EFF9F8 /* ViewController.swift */,
				23A435542AC63EC600EFF9F8 /* Main.storyboard */,
				23A435572AC63EC700EFF9F8 /* Assets.xcassets */,
				23A435592AC63EC700EFF9F8 /* LaunchScreen.storyboard */,
				23A4355C2AC63EC700EFF9F8 /* Info.plist */,
			);
			path = HackwichFive;
			sourceTree = "<group>";
		};
		23A435642AC63EC700EFF9F8 /* HackwichFiveTests */ = {
			isa = PBXGroup;
			children = (
				23A435652AC63EC700EFF9F8 /* HackwichFiveTests.swift */,
			);
			path = HackwichFiveTests;
			sourceTree = "<group>";
		};
		23A4356E2AC63EC700EFF9F8 /* HackwichFiveUITests */ = {
			isa = PBXGroup;
			children = (
				23A4356F2AC63EC700EFF9F8 /* HackwichFiveUITests.swift */,
				23A435712AC63EC700EFF9F8 /* HackwichFiveUITestsLaunchTests.swift */,
			);
			path = HackwichFiveUITests;
			sourceTree = "<group>";
		};
/* End PBXGroup section */

/* Begin PBXNativeTarget section */
		23A4354A2AC63EC600EFF9F8 /* HackwichFive */ = {
			isa = PBXNativeTarget;
			buildConfigurationList = 23A435752AC63EC700EFF9F8 /* Build configuration list for PBXNativeTarget "HackwichFive" */;
			buildPhases = (
				23A435472AC63EC600EFF9F8 /* Sources */,
				23A435482AC63EC600EFF9F8 /* Frameworks */,
				23A435492AC63EC600EFF9F8 /* Resources */,
			);
			buildRules = (
			);
			dependencies = (
			);
			name = HackwichFive;
			productName = HackwichFive;
			productReference = 23A4354B2AC63EC600EFF9F8 /* HackwichFive.app */;
			productType = "com.apple.product-type.application";
		};
		23A435602AC63EC700EFF9F8 /* HackwichFiveTests */ = {
			isa = PBXNativeTarget;
			buildConfigurationList = 23A435782AC63EC700EFF9F8 /* Build configuration list for PBXNativeTarget "HackwichFiveTests" */;
			buildPhases = (
				23A4355D2AC63EC700EFF9F8 /* Sources */,
				23A4355E2AC63EC700EFF9F8 /* Frameworks */,
				23A4355F2AC63EC700EFF9F8 /* Resources */,
			);
			buildRules = (
			);
			dependencies = (
				23A435632AC63EC700EFF9F8 /* PBXTargetDependency */,
			);
			name = HackwichFiveTests;
			productName = HackwichFiveTests;
			productReference = 23A435612AC63EC700EFF9F8 /* HackwichFiveTests.xctest */;
			productType = "com.apple.product-type.bundle.unit-test";
		};
		23A4356A2AC63EC700EFF9F8 /* HackwichFiveUITests */ = {
			isa = PBXNativeTarget;
			buildConfigurationList = 23A4357B2AC63EC700EFF9F8 /* Build configuration list for PBXNativeTarget "HackwichFiveUITests" */;
			buildPhases = (
				23A435672AC63EC700EFF9F8 /* Sources */,
				23A435682AC63EC700EFF9F8 /* Frameworks */,
				23A435692AC63EC700EFF9F8 /* Resources */,
			);
			buildRules = (
			);
			dependencies = (
				23A4356D2AC63EC700EFF9F8 /* PBXTargetDependency */,
			);
			name = HackwichFiveUITests;
			productName = HackwichFiveUITests;
			productReference = 23A4356B2AC63EC700EFF9F8 /* HackwichFiveUITests.xctest */;
			productType = "com.apple.product-type.bundle.ui-testing";
		};
/* End PBXNativeTarget section */

/* Begin PBXProject section */
		23A435432AC63EC600EFF9F8 /* Project object */ = {
			isa = PBXProject;
			attributes = {
				BuildIndependentTargetsInParallel = 1;
				LastSwiftUpdateCheck = 1430;
				LastUpgradeCheck = 1430;
				TargetAttributes = {
					23A4354A2AC63EC600EFF9F8 = {
						CreatedOnToolsVersion = 14.3.1;
					};
					23A435602AC63EC700EFF9F8 = {
						CreatedOnToolsVersion = 14.3.1;
						TestTargetID = 23A4354A2AC63EC600EFF9F8;
					};
					23A4356A2AC63EC700EFF9F8 = {
						CreatedOnToolsVersion = 14.3.1;
						TestTargetID = 23A4354A2AC63EC600EFF9F8;
					};
				};
			};
			buildConfigurationList = 23A435462AC63EC600EFF9F8 /* Build configuration list for PBXProject "HackwichFive" */;
			compatibilityVersion = "Xcode 14.0";
			developmentRegion = en;
			hasScannedForEncodings = 0;
			knownRegions = (
				en,
				Base,
			);
			mainGroup = 23A435422AC63EC600EFF9F8;
			productRefGroup = 23A4354C2AC63EC600EFF9F8 /* Products */;
			projectDirPath = "";
			projectRoot = "";
			targets = (
				23A4354A2AC63EC600EFF9F8 /* HackwichFive */,
				23A435602AC63EC700EFF9F8 /* HackwichFiveTests */,
				23A4356A2AC63EC700EFF9F8 /* HackwichFiveUITests */,
			);
		};
/* End PBXProject section */

/* Begin PBXResourcesBuildPhase section */
		23A435492AC63EC600EFF9F8 /* Resources */ = {
			isa = PBXResourcesBuildPhase;
			buildActionMask = 2147483647;
			files = (
				23A4355B2AC63EC700EFF9F8 /* LaunchScreen.storyboard in Resources */,
				23A435582AC63EC700EFF9F8 /* Assets.xcassets in Resources */,
				23A435562AC63EC600EFF9F8 /* Main.storyboard in Resources */,
			);
			runOnlyForDeploymentPostprocessing = 0;
		};
		23A4355F2AC63EC700EFF9F8 /* Resources */ = {
			isa = PBXResourcesBuildPhase;
			buildActionMask = 2147483647;
			files = (
			);
			runOnlyForDeploymentPostprocessing = 0;
		};
		23A435692AC63EC700EFF9F8 /* Resources */ = {
			isa = PBXResourcesBuildPhase;
			buildActionMask = 2147483647;
			files = (
			);
			runOnlyForDeploymentPostprocessing = 0;
		};
/* End PBXResourcesBuildPhase section */

/* Begin PBXSourcesBuildPhase section */
		23A435472AC63EC600EFF9F8 /* Sources */ = {
			isa = PBXSourcesBuildPhase;
			buildActionMask = 2147483647;
			files = (
				23A435532AC63EC600EFF9F8 /* ViewController.swift in Sources */,
				23A4354F2AC63EC600EFF9F8 /* AppDelegate.swift in Sources */,
				23A435512AC63EC600EFF9F8 /* SceneDelegate.swift in Sources */,
			);
			runOnlyForDeploymentPostprocessing = 0;
		};
		23A4355D2AC63EC700EFF9F8 /* Sources */ = {
			isa = PBXSourcesBuildPhase;
			buildActionMask = 2147483647;
			files = (
				23A435662AC63EC700EFF9F8 /* HackwichFiveTests.swift in Sources */,
			);
			runOnlyForDeploymentPostprocessing = 0;
		};
		23A435672AC63EC700EFF9F8 /* Sources */ = {
			isa = PBXSourcesBuildPhase;
			buildActionMask = 2147483647;
			files = (
				23A435722AC63EC700EFF9F8 /* HackwichFiveUITestsLaunchTests.swift in Sources */,
				23A435702AC63EC700EFF9F8 /* HackwichFiveUITests.swift in Sources */,
			);
			runOnlyForDeploymentPostprocessing = 0;
		};
/* End PBXSourcesBuildPhase section */

/* Begin PBXTargetDependency section */
		23A435632AC63EC700EFF9F8 /* PBXTargetDependency */ = {
			isa = PBXTargetDependency;
			target = 23A4354A2AC63EC600EFF9F8 /* HackwichFive */;
			targetProxy = 23A435622AC63EC700EFF9F8 /* PBXContainerItemProxy */;
		};
		23A4356D2AC63EC700EFF9F8 /* PBXTargetDependency */ = {
			isa = PBXTargetDependency;
			target = 23A4354A2AC63EC600EFF9F8 /* HackwichFive */;
			targetProxy = 23A4356C2AC63EC700EFF9F8 /* PBXContainerItemProxy */;
		};
/* End PBXTargetDependency section */

/* Begin PBXVariantGroup section */
		23A435542AC63EC600EFF9F8 /* Main.storyboard */ = {
			isa = PBXVariantGroup;
			children = (
				23A435552AC63EC600EFF9F8 /* Base */,
			);
			name = Main.storyboard;
			sourceTree = "<group>";
		};
		23A435592AC63EC700EFF9F8 /* LaunchScreen.storyboard */ = {
			isa = PBXVariantGroup;
			children = (
				23A4355A2AC63EC700EFF9F8 /* Base */,
			);
			name = LaunchScreen.storyboard;
			sourceTree = "<group>";
		};
/* End PBXVariantGroup section */

/* Begin XCBuildConfiguration section */
		23A435732AC63EC700EFF9F8 /* Debug */ = {
			isa = XCBuildConfiguration;
			buildSettings = {
				ALWAYS_SEARCH_USER_PATHS = NO;
				CLANG_ANALYZER_NONNULL = YES;
				CLANG_ANALYZER_NUMBER_OBJECT_CONVERSION = YES_AGGRESSIVE;
				CLANG_CXX_LANGUAGE_STANDARD = "gnu++20";
				CLANG_ENABLE_MODULES = YES;
				CLANG_ENABLE_OBJC_ARC = YES;
				CLANG_ENABLE_OBJC_WEAK = YES;
				CLANG_WARN_BLOCK_CAPTURE_AUTORELEASING = YES;
				CLANG_WARN_BOOL_CONVERSION = YES;
				CLANG_WARN_COMMA = YES;
				CLANG_WARN_CONSTANT_CONVERSION = YES;
				CLANG_WARN_DEPRECATED_OBJC_IMPLEMENTATIONS = YES;
				CLANG_WARN_DIRECT_OBJC_ISA_USAGE = YES_ERROR;
				CLANG_WARN_DOCUMENTATION_COMMENTS = YES;
				CLANG_WARN_EMPTY_BODY = YES;
				CLANG_WARN_ENUM_CONVERSION = YES;
				CLANG_WARN_INFINITE_RECURSION = YES;
				CLANG_WARN_INT_CONVERSION = YES;
				CLANG_WARN_NON_LITERAL_NULL_CONVERSION = YES;
				CLANG_WARN_OBJC_IMPLICIT_RETAIN_SELF = YES;
				CLANG_WARN_OBJC_LITERAL_CONVERSION = YES;
				CLANG_WARN_OBJC_ROOT_CLASS = YES_ERROR;
				CLANG_WARN_QUOTED_INCLUDE_IN_FRAMEWORK_HEADER = YES;
				CLANG_WARN_RANGE_LOOP_ANALYSIS = YES;
				CLANG_WARN_STRICT_PROTOTYPES = YES;
				CLANG_WARN_SUSPICIOUS_MOVE = YES;
				CLANG_WARN_UNGUARDED_AVAILABILITY = YES_AGGRESSIVE;
				CLANG_WARN_UNREACHABLE_CODE = YES;
				CLANG_WARN__DUPLICATE_METHOD_MATCH = YES;
				COPY_PHASE_STRIP = NO;
				DEBUG_INFORMATION_FORMAT = dwarf;
				ENABLE_STRICT_OBJC_MSGSEND = YES;
				ENABLE_TESTABILITY = YES;
				GCC_C_LANGUAGE_STANDARD = gnu11;
				GCC_DYNAMIC_NO_PIC = NO;
				GCC_NO_COMMON_BLOCKS = YES;
				GCC_OPTIMIZATION_LEVEL = 0;
				GCC_PREPROCESSOR_DEFINITIONS = (
					"DEBUG=1",
					"$(inherited)",
				);
				GCC_WARN_64_TO_32_BIT_CONVERSION = YES;
				GCC_WARN_ABOUT_RETURN_TYPE = YES_ERROR;
				GCC_WARN_UNDECLARED_SELECTOR = YES;
				GCC_WARN_UNINITIALIZED_AUTOS = YES_AGGRESSIVE;
				GCC_WARN_UNUSED_FUNCTION = YES;
				GCC_WARN_UNUSED_VARIABLE = YES;
				IPHONEOS_DEPLOYMENT_TARGET = 16.4;
				MTL_ENABLE_DEBUG_INFO = INCLUDE_SOURCE;
				MTL_FAST_MATH = YES;
				ONLY_ACTIVE_ARCH = YES;
				SDKROOT = iphoneos;
				SWIFT_ACTIVE_COMPILATION_CONDITIONS = DEBUG;
				SWIFT_OPTIMIZATION_LEVEL = "-Onone";
			};
			name = Debug;
		};
		23A435742AC63EC700EFF9F8 /* Release */ = {
			isa = XCBuildConfiguration;
			buildSettings = {
				ALWAYS_SEARCH_USER_PATHS = NO;
				CLANG_ANALYZER_NONNULL = YES;
				CLANG_ANALYZER_NUMBER_OBJECT_CONVERSION = YES_AGGRESSIVE;
				CLANG_CXX_LANGUAGE_STANDARD = "gnu++20";
				CLANG_ENABLE_MODULES = YES;
				CLANG_ENABLE_OBJC_ARC = YES;
				CLANG_ENABLE_OBJC_WEAK = YES;
				CLANG_WARN_BLOCK_CAPTURE_AUTORELEASING = YES;
				CLANG_WARN_BOOL_CONVERSION = YES;
				CLANG_WARN_COMMA = YES;
				CLANG_WARN_CONSTANT_CONVERSION = YES;
				CLANG_WARN_DEPRECATED_OBJC_IMPLEMENTATIONS = YES;
				CLANG_WARN_DIRECT_OBJC_ISA_USAGE = YES_ERROR;
				CLANG_WARN_DOCUMENTATION_COMMENTS = YES;
				CLANG_WARN_EMPTY_BODY = YES;
				CLANG_WARN_ENUM_CONVERSION = YES;
				CLANG_WARN_INFINITE_RECURSION = YES;
				CLANG_WARN_INT_CONVERSION = YES;
				CLANG_WARN_NON_LITERAL_NULL_CONVERSION = YES;
				CLANG_WARN_OBJC_IMPLICIT_RETAIN_SELF = YES;
				CLANG_WARN_OBJC_LITERAL_CONVERSION = YES;
				CLANG_WARN_OBJC_ROOT_CLASS = YES_ERROR;
				CLANG_WARN_QUOTED_INCLUDE_IN_FRAMEWORK_HEADER = YES;
				CLANG_WARN_RANGE_LOOP_ANALYSIS = YES;
				CLANG_WARN_STRICT_PROTOTYPES = YES;
				CLANG_WARN_SUSPICIOUS_MOVE = YES;
				CLANG_WARN_UNGUARDED_AVAILABILITY = YES_AGGRESSIVE;
				CLANG_WARN_UNREACHABLE_CODE = YES;
				CLANG_WARN__DUPLICATE_METHOD_MATCH = YES;
				COPY_PHASE_STRIP = NO;
				DEBUG_INFORMATION_FORMAT = "dwarf-with-dsym";
				ENABLE_NS_ASSERTIONS = NO;
				ENABLE_STRICT_OBJC_MSGSEND = YES;
				GCC_C_LANGUAGE_STANDARD = gnu11;
				GCC_NO_COMMON_BLOCKS = YES;
				GCC_WARN_64_TO_32_BIT_CONVERSION = YES;
				GCC_WARN_ABOUT_RETURN_TYPE = YES_ERROR;
				GCC_WARN_UNDECLARED_SELECTOR = YES;
				GCC_WARN_UNINITIALIZED_AUTOS = YES_AGGRESSIVE;
				GCC_WARN_UNUSED_FUNCTION = YES;
				GCC_WARN_UNUSED_VARIABLE = YES;
				IPHONEOS_DEPLOYMENT_TARGET = 16.4;
				MTL_ENABLE_DEBUG_INFO = NO;
				MTL_FAST_MATH = YES;
				SDKROOT = iphoneos;
				SWIFT_COMPILATION_MODE = wholemodule;
				SWIFT_OPTIMIZATION_LEVEL = "-O";
				VALIDATE_PRODUCT = YES;
			};
			name = Release;
		};
		23A435762AC63EC700EFF9F8 /* Debug */ = {
			isa = XCBuildConfiguration;
			buildSettings = {
				ASSETCATALOG_COMPILER_APPICON_NAME = AppIcon;
				ASSETCATALOG_COMPILER_GLOBAL_ACCENT_COLOR_NAME = AccentColor;
				CODE_SIGN_STYLE = Automatic;
				CURRENT_PROJECT_VERSION = 1;
				DEVELOPMENT_TEAM = SS493YKAUL;
				GENERATE_INFOPLIST_FILE = YES;
				INFOPLIST_FILE = HackwichFive/Info.plist;
				INFOPLIST_KEY_UIApplicationSupportsIndirectInputEvents = YES;
				INFOPLIST_KEY_UILaunchStoryboardName = LaunchScreen;
				INFOPLIST_KEY_UIMainStoryboardFile = Main;
				INFOPLIST_KEY_UISupportedInterfaceOrientations_iPad = "UIInterfaceOrientationPortrait UIInterfaceOrientationPortraitUpsideDown UIInterfaceOrientationLandscapeLeft UIInterfaceOrientationLandscapeRight";
				INFOPLIST_KEY_UISupportedInterfaceOrientations_iPhone = "UIInterfaceOrientationPortrait UIInterfaceOrientationLandscapeLeft UIInterfaceOrientationLandscapeRight";
				LD_RUNPATH_SEARCH_PATHS = (
					"$(inherited)",
					"@executable_path/Frameworks",
				);
				MARKETING_VERSION = 1.0;
				PRODUCT_BUNDLE_IDENTIFIER = UHWO.HackwichFive;
				PRODUCT_NAME = "$(TARGET_NAME)";
				SWIFT_EMIT_LOC_STRINGS = YES;
				SWIFT_VERSION = 5.0;
				TARGETED_DEVICE_FAMILY = "1,2";
			};
			name = Debug;
		};
		23A435772AC63EC700EFF9F8 /* Release */ = {
			isa = XCBuildConfiguration;
			buildSettings = {
				ASSETCATALOG_COMPILER_APPICON_NAME = AppIcon;
				ASSETCATALOG_COMPILER_GLOBAL_ACCENT_COLOR_NAME = AccentColor;
				CODE_SIGN_STYLE = Automatic;
				CURRENT_PROJECT_VERSION = 1;
				DEVELOPMENT_TEAM = SS493YKAUL;
				GENERATE_INFOPLIST_FILE = YES;
				INFOPLIST_FILE = HackwichFive/Info.plist;
				INFOPLIST_KEY_UIApplicationSupportsIndirectInputEvents = YES;
				INFOPLIST_KEY_UILaunchStoryboardName = LaunchScreen;
				INFOPLIST_KEY_UIMainStoryboardFile = Main;
				INFOPLIST_KEY_UISupportedInterfaceOrientations_iPad = "UIInterfaceOrientationPortrait UIInterfaceOrientationPortraitUpsideDown UIInterfaceOrientationLandscapeLeft UIInterfaceOrientationLandscapeRight";
				INFOPLIST_KEY_UISupportedInterfaceOrientations_iPhone = "UIInterfaceOrientationPortrait UIInterfaceOrientationLandscapeLeft UIInterfaceOrientationLandscapeRight";
				LD_RUNPATH_SEARCH_PATHS = (
					"$(inherited)",
					"@executable_path/Frameworks",
				);
				MARKETING_VERSION = 1.0;
				PRODUCT_BUNDLE_IDENTIFIER = UHWO.HackwichFive;
				PRODUCT_NAME = "$(TARGET_NAME)";
				SWIFT_EMIT_LOC_STRINGS = YES;
				SWIFT_VERSION = 5.0;
				TARGETED_DEVICE_FAMILY = "1,2";
			};
			name = Release;
		};
		23A435792AC63EC700EFF9F8 /* Debug */ = {
			isa = XCBuildConfiguration;
			buildSettings = {
				ALWAYS_EMBED_SWIFT_STANDARD_LIBRARIES = YES;
				BUNDLE_LOADER = "$(TEST_HOST)";
				CODE_SIGN_STYLE = Automatic;
				CURRENT_PROJECT_VERSION = 1;
				DEVELOPMENT_TEAM = SS493YKAUL;
				GENERATE_INFOPLIST_FILE = YES;
				IPHONEOS_DEPLOYMENT_TARGET = 16.4;
				MARKETING_VERSION = 1.0;
				PRODUCT_BUNDLE_IDENTIFIER = UHWO.HackwichFiveTests;
				PRODUCT_NAME = "$(TARGET_NAME)";
				SWIFT_EMIT_LOC_STRINGS = NO;
				SWIFT_VERSION = 5.0;
				TARGETED_DEVICE_FAMILY = "1,2";
				TEST_HOST = "$(BUILT_PRODUCTS_DIR)/HackwichFive.app/$(BUNDLE_EXECUTABLE_FOLDER_PATH)/HackwichFive";
			};
			name = Debug;
		};
		23A4357A2AC63EC700EFF9F8 /* Release */ = {
			isa = XCBuildConfiguration;
			buildSettings = {
				ALWAYS_EMBED_SWIFT_STANDARD_LIBRARIES = YES;
				BUNDLE_LOADER = "$(TEST_HOST)";
				CODE_SIGN_STYLE = Automatic;
				CURRENT_PROJECT_VERSION = 1;
				DEVELOPMENT_TEAM = SS493YKAUL;
				GENERATE_INFOPLIST_FILE = YES;
				IPHONEOS_DEPLOYMENT_TARGET = 16.4;
				MARKETING_VERSION = 1.0;
				PRODUCT_BUNDLE_IDENTIFIER = UHWO.HackwichFiveTests;
				PRODUCT_NAME = "$(TARGET_NAME)";
				SWIFT_EMIT_LOC_STRINGS = NO;
				SWIFT_VERSION = 5.0;
				TARGETED_DEVICE_FAMILY = "1,2";
				TEST_HOST = "$(BUILT_PRODUCTS_DIR)/HackwichFive.app/$(BUNDLE_EXECUTABLE_FOLDER_PATH)/HackwichFive";
			};
			name = Release;
		};
		23A4357C2AC63EC700EFF9F8 /* Debug */ = {
			isa = XCBuildConfiguration;
			buildSettings = {
				ALWAYS_EMBED_SWIFT_STANDARD_LIBRARIES = YES;
				CODE_SIGN_STYLE = Automatic;
				CURRENT_PROJECT_VERSION = 1;
				DEVELOPMENT_TEAM = SS493YKAUL;
				GENERATE_INFOPLIST_FILE = YES;
				MARKETING_VERSION = 1.0;
				PRODUCT_BUNDLE_IDENTIFIER = UHWO.HackwichFiveUITests;
				PRODUCT_NAME = "$(TARGET_NAME)";
				SWIFT_EMIT_LOC_STRINGS = NO;
				SWIFT_VERSION = 5.0;
				TARGETED_DEVICE_FAMILY = "1,2";
				TEST_TARGET_NAME = HackwichFive;
			};
			name = Debug;
		};
		23A4357D2AC63EC700EFF9F8 /* Release */ = {
			isa = XCBuildConfiguration;
			buildSettings = {
				ALWAYS_EMBED_SWIFT_STANDARD_LIBRARIES = YES;
				CODE_SIGN_STYLE = Automatic;
				CURRENT_PROJECT_VERSION = 1;
				DEVELOPMENT_TEAM = SS493YKAUL;
				GENERATE_INFOPLIST_FILE = YES;
				MARKETING_VERSION = 1.0;
				PRODUCT_BUNDLE_IDENTIFIER = UHWO.HackwichFiveUITests;
				PRODUCT_NAME = "$(TARGET_NAME)";
				SWIFT_EMIT_LOC_STRINGS = NO;
				SWIFT_VERSION = 5.0;
				TARGETED_DEVICE_FAMILY = "1,2";
				TEST_TARGET_NAME = HackwichFive;
			};
			name = Release;
		};
/* End XCBuildConfiguration section */

/* Begin XCConfigurationList section */
		23A435462AC63EC600EFF9F8 /* Build configuration list for PBXProject "HackwichFive" */ = {
			isa = XCConfigurationList;
			buildConfigurations = (
				23A435732AC63EC700EFF9F8 /* Debug */,
				23A435742AC63EC700EFF9F8 /* Release */,
			);
			defaultConfigurationIsVisible = 0;
			defaultConfigurationName = Release;
		};
		23A435752AC63EC700EFF9F8 /* Build configuration list for PBXNativeTarget "HackwichFive" */ = {
			isa = XCConfigurationList;
			buildConfigurations = (
				23A435762AC63EC700EFF9F8 /* Debug */,
				23A435772AC63EC700EFF9F8 /* Release */,
			);
			defaultConfigurationIsVisible = 0;
			defaultConfigurationName = Release;
		};
		23A435782AC63EC700EFF9F8 /* Build configuration list for PBXNativeTarget "HackwichFiveTests" */ = {
			isa = XCConfigurationList;
			buildConfigurations = (
				23A435792AC63EC700EFF9F8 /* Debug */,
				23A4357A2AC63EC700EFF9F8 /* Release */,
			);
			defaultConfigurationIsVisible = 0;
			defaultConfigurationName = Release;
		};
		23A4357B2AC63EC700EFF9F8 /* Build configuration list for PBXNativeTarget "HackwichFiveUITests" */ = {
			isa = XCConfigurationList;
			buildConfigurations = (
				23A4357C2AC63EC700EFF9F8 /* Debug */,
				23A4357D2AC63EC700EFF9F8 /* Release */,
			);
			defaultConfigurationIsVisible = 0;
			defaultConfigurationName = Release;
		};
/* End XCConfigurationList section */
	};
	rootObject = 23A435432AC63EC600EFF9F8 /* Project object */;
}
